
Microsoft Visual Studio Solution File, Format Version 12.00
# Visual Studio Version 17
VisualStudioVersion = 17.9.34728.123
MinimumVisualStudioVersion = 10.0.40219.1
Project("{8BC9CEB8-8B4A-11D0-8D11-00A0C91BC942}") = "OddEven_Function", "OddEven_Function\OddEven_Function.vcxproj", "{AC1EDA8D-122E-4EC8-81FC-C5036963D4FC}"
EndProject
Global
	GlobalSection(SolutionConfigurationPlatforms) = preSolution
		Debug|x64 = Debug|x64
		Debug|x86 = Debug|x86
		Release|x64 = Release|x64
		Release|x86 = Release|x86
	EndGlobalSection
	GlobalSection(ProjectConfigurationPlatforms) = postSolution
		{AC1EDA8D-122E-4EC8-81FC-C5036963D4FC}.Debug|x64.ActiveCfg = Debug|x64
		{AC1EDA8D-122E-4EC8-81FC-C5036963D4FC}.Debug|x64.Build.0 = Debug|x64
		{AC1EDA8D-122E-4EC8-81FC-C5036963D4FC}.Debug|x86.ActiveCfg = Debug|Win32
		{AC1EDA8D-122E-4EC8-81FC-C5036963D4FC}.Debug|x86.Build.0 = Debug|Win32
		{AC1EDA8D-122E-4EC8-81FC-C5036963D4FC}.Release|x64.ActiveCfg = Release|x64
		{AC1EDA8D-122E-4EC8-81FC-C5036963D4FC}.Release|x64.Build.0 = Release|x64
		{AC1EDA8D-122E-4EC8-81FC-C5036963D4FC}.Release|x86.ActiveCfg = Release|Win32
		{AC1EDA8D-122E-4EC8-81FC-C5036963D4FC}.Release|x86.Build.0 = Release|Win32
	EndGlobalSection
	GlobalSection(SolutionProperties) = preSolution
		HideSolutionNode = FALSE
	EndGlobalSection
	GlobalSection(ExtensibilityGlobals) = postSolution
		SolutionGuid = {820E8170-C6FE-41DA-A5F2-FE55034BC9EC}
	EndGlobalSection
EndGlobal
